
Microsoft Visual Studio Solution File, Format Version 12.00
# Visual Studio Version 16
VisualStudioVersion = 16.0.29326.143
MinimumVisualStudioVersion = 10.0.40219.1
Project("{FAE04EC0-301F-11D3-BF4B-00C04F79EFBC}") = "AaUS2Semka1", "AaUS2Semka1\AaUS2Semka1.csproj", "{9965E227-2852-475E-B70D-EBCF4F970C28}"
EndProject
Global
	GlobalSection(SolutionConfigurationPlatforms) = preSolution
		Debug|Any CPU = Debug|Any CPU
		Release|Any CPU = Release|Any CPU
	EndGlobalSection
	GlobalSection(ProjectConfigurationPlatforms) = postSolution
		{9965E227-2852-475E-B70D-EBCF4F970C28}.Debug|Any CPU.ActiveCfg = Debug|Any CPU
		{9965E227-2852-475E-B70D-EBCF4F970C28}.Debug|Any CPU.Build.0 = Debug|Any CPU
		{9965E227-2852-475E-B70D-EBCF4F970C28}.Release|Any CPU.ActiveCfg = Release|Any CPU
		{9965E227-2852-475E-B70D-EBCF4F970C28}.Release|Any CPU.Build.0 = Release|Any CPU
	EndGlobalSection
	GlobalSection(SolutionProperties) = preSolution
		HideSolutionNode = FALSE
	EndGlobalSection
	GlobalSection(ExtensibilityGlobals) = postSolution
		SolutionGuid = {57C2E174-8456-4EFD-B009-6155EC54B2FA}
	EndGlobalSection
EndGlobal
